<?xml version="1.0" encoding="UTF-8" standalone="yes" ?>
<CodeBlocks_project_file>
	<FileVersion major="1" minor="6" />
	<Project>
		<Option title="RnD" />
		<Option pch_mode="2" />
		<Option compiler="gcc" />
		<Build>
			<Target title="Debug">
				<Option output="..\..\bin\RnDd" prefix_auto="1" extension_auto="1" />
				<Option object_output="obj\Debug\" />
				<Option type="1" />
				<Option compiler="gcc" />
				<Compiler>
					<Add option="-g" />
				</Compiler>
			</Target>
			<Target title="Release">
				<Option output="..\..\bin\RnD" prefix_auto="1" extension_auto="1" />
				<Option object_output="obj\Release\" />
				<Option type="1" />
				<Option compiler="gcc" />
				<Compiler>
					<Add option="-O2" />
				</Compiler>
				<Linker>
					<Add option="-s" />
				</Linker>
			</Target>
		</Build>
		<Compiler>
			<Add option="-Wall" />
			<Add directory="..\..\src" />
			<Add directory="D:\Development\SourceCode\libs\boost_1_69_0" />
		</Compiler>
		<Unit filename="..\..\src\engine\core\endianness.h" />
		<Unit filename="..\..\src\engine\core\endianness_file.h" />
		<Unit filename="..\..\src\engine\core\inttypes.h" />
		<Unit filename="..\..\src\engine\core\utf.cpp" />
		<Unit filename="..\..\src\engine\core\utf.h" />
		<Unit filename="..\..\src\lab\test1.cpp" />
		<Extensions>
			<code_completion />
			<envvars />
			<debugger />
		</Extensions>
	</Project>
</CodeBlocks_project_file>
